
Microsoft Visual Studio Solution File, Format Version 12.00
# Visual Studio 15
VisualStudioVersion = 15.0.27130.2010
MinimumVisualStudioVersion = 10.0.40219.1
Project("{FAE04EC0-301F-11D3-BF4B-00C04F79EFBC}") = "PTRexWebsite", "PTRexWebsite\PTRexWebsite.csproj", "{AB8697A0-BB7D-4668-B1E6-7F12F899487D}"
EndProject
Global
	GlobalSection(SolutionConfigurationPlatforms) = preSolution
		Debug|Any CPU = Debug|Any CPU
		Release|Any CPU = Release|Any CPU
	EndGlobalSection
	GlobalSection(ProjectConfigurationPlatforms) = postSolution
		{AB8697A0-BB7D-4668-B1E6-7F12F899487D}.Debug|Any CPU.ActiveCfg = Debug|Any CPU
		{AB8697A0-BB7D-4668-B1E6-7F12F899487D}.Debug|Any CPU.Build.0 = Debug|Any CPU
		{AB8697A0-BB7D-4668-B1E6-7F12F899487D}.Release|Any CPU.ActiveCfg = Release|Any CPU
		{AB8697A0-BB7D-4668-B1E6-7F12F899487D}.Release|Any CPU.Build.0 = Release|Any CPU
	EndGlobalSection
	GlobalSection(SolutionProperties) = preSolution
		HideSolutionNode = FALSE
	EndGlobalSection
	GlobalSection(ExtensibilityGlobals) = postSolution
		SolutionGuid = {494879DF-C66F-4DFA-8BB4-1F775D6E48D1}
	EndGlobalSection
EndGlobal
